// !$*UTF8*$!
{
	archiveVersion = 1;
	classes = {
	};
	objectVersion = 46;
	objects = {

/* Begin PBXBuildFile section */
		52FE0B73110B806E00889E01 /* SGFDrawBoard.h in Headers */ = {isa = PBXBuildFile; fileRef = 52FE0B6F110B806E00889E01 /* SGFDrawBoard.h */; };
		52FE0B74110B806E00889E01 /* SGFDrawBoard.m in Sources */ = {isa = PBXBuildFile; fileRef = 52FE0B70110B806E00889E01 /* SGFDrawBoard.m */; };
		52FE0B75110B806E00889E01 /* SGFGoban.h in Headers */ = {isa = PBXBuildFile; fileRef = 52FE0B71110B806E00889E01 /* SGFGoban.h */; };
		52FE0B76110B806E00889E01 /* SGFGoban.m in Sources */ = {isa = PBXBuildFile; fileRef = 52FE0B72110B806E00889E01 /* SGFGoban.m */; };
		52FE0B78110B807C00889E01 /* boardFill.png in Resources */ = {isa = PBXBuildFile; fileRef = 52FE0B77110B807C00889E01 /* boardFill.png */; };
		52FE0B8E110B80B600889E01 /* Authors.txt in Resources */ = {isa = PBXBuildFile; fileRef = 52FE0B86110B80B600889E01 /* Authors.txt */; };
		52FE0B92110B80B600889E01 /* License.txt in Resources */ = {isa = PBXBuildFile; fileRef = 52FE0B8A110B80B600889E01 /* License.txt */; };
		8D255AC70486D3F9007BF209 /* StoneSavour_Prefix.pch in Headers */ = {isa = PBXBuildFile; fileRef = 32DBCFA80370C50100C91783 /* StoneSavour_Prefix.pch */; };
		8D255AC80486D3F9007BF209 /* StoneSavourView.h in Headers */ = {isa = PBXBuildFile; fileRef = F50079790118B23001CA0E54 /* StoneSavourView.h */; };
		8D255ACA0486D3F9007BF209 /* InfoPlist.strings in Resources */ = {isa = PBXBuildFile; fileRef = 089C167DFE841241C02AAC07 /* InfoPlist.strings */; };
		8D255ACC0486D3F9007BF209 /* StoneSavourView.m in Sources */ = {isa = PBXBuildFile; fileRef = F500797A0118B23001CA0E54 /* StoneSavourView.m */; };
		8D255ACE0486D3F9007BF209 /* Cocoa.framework in Frameworks */ = {isa = PBXBuildFile; fileRef = 1058C7ADFEA557BF11CA2CBB /* Cocoa.framework */; };
		8D255ACF0486D3F9007BF209 /* ScreenSaver.framework in Frameworks */ = {isa = PBXBuildFile; fileRef = 06F27B2DFFEEEFEF11CA0E56 /* ScreenSaver.framework */; };
/* End PBXBuildFile section */

/* Begin PBXFileReference section */
		06F27B2DFFEEEFEF11CA0E56 /* ScreenSaver.framework */ = {isa = PBXFileReference; lastKnownFileType = wrapper.framework; name = ScreenSaver.framework; path = /System/Library/Frameworks/ScreenSaver.framework; sourceTree = "<absolute>"; };
		089C1672FE841209C02AAC07 /* Foundation.framework */ = {isa = PBXFileReference; lastKnownFileType = wrapper.framework; name = Foundation.framework; path = /System/Library/Frameworks/Foundation.framework; sourceTree = "<absolute>"; };
		089C167EFE841241C02AAC07 /* English */ = {isa = PBXFileReference; fileEncoding = 10; lastKnownFileType = text.plist.strings; name = English; path = English.lproj/InfoPlist.strings; sourceTree = "<group>"; };
		089C167FFE841241C02AAC07 /* AppKit.framework */ = {isa = PBXFileReference; lastKnownFileType = wrapper.framework; name = AppKit.framework; path = /System/Library/Frameworks/AppKit.framework; sourceTree = "<absolute>"; };
		1058C7ADFEA557BF11CA2CBB /* Cocoa.framework */ = {isa = PBXFileReference; lastKnownFileType = wrapper.framework; name = Cocoa.framework; path = /System/Library/Frameworks/Cocoa.framework; sourceTree = "<absolute>"; };
		32DBCFA80370C50100C91783 /* StoneSavour_Prefix.pch */ = {isa = PBXFileReference; fileEncoding = 4; lastKnownFileType = sourcecode.c.h; path = StoneSavour_Prefix.pch; sourceTree = "<group>"; };
		52FE0B6F110B806E00889E01 /* SGFDrawBoard.h */ = {isa = PBXFileReference; fileEncoding = 4; lastKnownFileType = sourcecode.c.h; name = SGFDrawBoard.h; path = ../common/SGFDrawBoard.h; sourceTree = SOURCE_ROOT; };
		52FE0B70110B806E00889E01 /* SGFDrawBoard.m */ = {isa = PBXFileReference; fileEncoding = 4; lastKnownFileType = sourcecode.c.objc; name = SGFDrawBoard.m; path = ../common/SGFDrawBoard.m; sourceTree = SOURCE_ROOT; };
		52FE0B71110B806E00889E01 /* SGFGoban.h */ = {isa = PBXFileReference; fileEncoding = 4; lastKnownFileType = sourcecode.c.h; name = SGFGoban.h; path = ../common/SGFGoban.h; sourceTree = SOURCE_ROOT; };
		52FE0B72110B806E00889E01 /* SGFGoban.m */ = {isa = PBXFileReference; fileEncoding = 4; lastKnownFileType = sourcecode.c.objc; name = SGFGoban.m; path = ../common/SGFGoban.m; sourceTree = SOURCE_ROOT; };
		52FE0B77110B807C00889E01 /* boardFill.png */ = {isa = PBXFileReference; lastKnownFileType = image.png; name = boardFill.png; path = ../common/boardFill.png; sourceTree = SOURCE_ROOT; };
		52FE0B86110B80B600889E01 /* Authors.txt */ = {isa = PBXFileReference; fileEncoding = 4; lastKnownFileType = text; path = Authors.txt; sourceTree = "<group>"; };
		52FE0B89110B80B600889E01 /* History.txt */ = {isa = PBXFileReference; fileEncoding = 4; lastKnownFileType = text; path = History.txt; sourceTree = "<group>"; };
		52FE0B8A110B80B600889E01 /* License.txt */ = {isa = PBXFileReference; fileEncoding = 4; lastKnownFileType = text; path = License.txt; sourceTree = "<group>"; };
		52FE0B8D110B80B600889E01 /* TODO.txt */ = {isa = PBXFileReference; fileEncoding = 4; lastKnownFileType = text; path = TODO.txt; sourceTree = "<group>"; };
		8D255AD20486D3F9007BF209 /* Info.plist */ = {isa = PBXFileReference; fileEncoding = 4; lastKnownFileType = text.plist; path = Info.plist; sourceTree = "<group>"; };
		8D255AD30486D3F9007BF209 /* StoneSavour.saver */ = {isa = PBXFileReference; explicitFileType = wrapper.cfbundle; includeInIndex = 0; path = StoneSavour.saver; sourceTree = BUILT_PRODUCTS_DIR; };
		F50079790118B23001CA0E54 /* StoneSavourView.h */ = {isa = PBXFileReference; fileEncoding = 4; lastKnownFileType = sourcecode.c.h; path = StoneSavourView.h; sourceTree = "<group>"; };
		F500797A0118B23001CA0E54 /* StoneSavourView.m */ = {isa = PBXFileReference; fileEncoding = 4; lastKnownFileType = sourcecode.c.objc; path = StoneSavourView.m; sourceTree = "<group>"; };
/* End PBXFileReference section */

/* Begin PBXFrameworksBuildPhase section */
		8D255ACD0486D3F9007BF209 /* Frameworks */ = {
			isa = PBXFrameworksBuildPhase;
			buildActionMask = 2147483647;
			files = (
				8D255ACE0486D3F9007BF209 /* Cocoa.framework in Frameworks */,
				8D255ACF0486D3F9007BF209 /* ScreenSaver.framework in Frameworks */,
			);
			runOnlyForDeploymentPostprocessing = 0;
		};
/* End PBXFrameworksBuildPhase section */

/* Begin PBXGroup section */
		089C166AFE841209C02AAC07 /* StoneSavour */ = {
			isa = PBXGroup;
			children = (
				52FE0B85110B80B600889E01 /* Documents */,
				08FB77AFFE84173DC02AAC07 /* Classes */,
				32DBCFA70370C4F300C91783 /* Other Sources */,
				089C167CFE841241C02AAC07 /* Resources */,
				089C1671FE841209C02AAC07 /* Frameworks and Libraries */,
				19C28FB8FE9D52D311CA2CBB /* Products */,
			);
			name = StoneSavour;
			sourceTree = "<group>";
		};
		089C1671FE841209C02AAC07 /* Frameworks and Libraries */ = {
			isa = PBXGroup;
			children = (
				1058C7ACFEA557BF11CA2CBB /* Linked Frameworks */,
				1058C7AEFEA557BF11CA2CBB /* Other Frameworks */,
			);
			name = "Frameworks and Libraries";
			sourceTree = "<group>";
		};
		089C167CFE841241C02AAC07 /* Resources */ = {
			isa = PBXGroup;
			children = (
				52FE0B77110B807C00889E01 /* boardFill.png */,
				8D255AD20486D3F9007BF209 /* Info.plist */,
				089C167DFE841241C02AAC07 /* InfoPlist.strings */,
			);
			name = Resources;
			sourceTree = "<group>";
		};
		08FB77AFFE84173DC02AAC07 /* Classes */ = {
			isa = PBXGroup;
			children = (
				52FE0B6F110B806E00889E01 /* SGFDrawBoard.h */,
				52FE0B70110B806E00889E01 /* SGFDrawBoard.m */,
				52FE0B71110B806E00889E01 /* SGFGoban.h */,
				52FE0B72110B806E00889E01 /* SGFGoban.m */,
				F50079790118B23001CA0E54 /* StoneSavourView.h */,
				F500797A0118B23001CA0E54 /* StoneSavourView.m */,
			);
			name = Classes;
			sourceTree = "<group>";
		};
		1058C7ACFEA557BF11CA2CBB /* Linked Frameworks */ = {
			isa = PBXGroup;
			children = (
				1058C7ADFEA557BF11CA2CBB /* Cocoa.framework */,
				06F27B2DFFEEEFEF11CA0E56 /* ScreenSaver.framework */,
			);
			name = "Linked Frameworks";
			sourceTree = "<group>";
		};
		1058C7AEFEA557BF11CA2CBB /* Other Frameworks */ = {
			isa = PBXGroup;
			children = (
				089C1672FE841209C02AAC07 /* Foundation.framework */,
				089C167FFE841241C02AAC07 /* AppKit.framework */,
			);
			name = "Other Frameworks";
			sourceTree = "<group>";
		};
		19C28FB8FE9D52D311CA2CBB /* Products */ = {
			isa = PBXGroup;
			children = (
				8D255AD30486D3F9007BF209 /* StoneSavour.saver */,
			);
			name = Products;
			sourceTree = "<group>";
		};
		32DBCFA70370C4F300C91783 /* Other Sources */ = {
			isa = PBXGroup;
			children = (
				32DBCFA80370C50100C91783 /* StoneSavour_Prefix.pch */,
			);
			name = "Other Sources";
			sourceTree = "<group>";
		};
		52FE0B85110B80B600889E01 /* Documents */ = {
			isa = PBXGroup;
			children = (
				52FE0B86110B80B600889E01 /* Authors.txt */,
				52FE0B89110B80B600889E01 /* History.txt */,
				52FE0B8A110B80B600889E01 /* License.txt */,
				52FE0B8D110B80B600889E01 /* TODO.txt */,
			);
			name = Documents;
			path = ../Documents;
			sourceTree = SOURCE_ROOT;
		};
/* End PBXGroup section */

/* Begin PBXHeadersBuildPhase section */
		8D255AC60486D3F9007BF209 /* Headers */ = {
			isa = PBXHeadersBuildPhase;
			buildActionMask = 2147483647;
			files = (
				8D255AC70486D3F9007BF209 /* StoneSavour_Prefix.pch in Headers */,
				8D255AC80486D3F9007BF209 /* StoneSavourView.h in Headers */,
				52FE0B73110B806E00889E01 /* SGFDrawBoard.h in Headers */,
				52FE0B75110B806E00889E01 /* SGFGoban.h in Headers */,
			);
			runOnlyForDeploymentPostprocessing = 0;
		};
/* End PBXHeadersBuildPhase section */

/* Begin PBXNativeTarget section */
		8D255AC50486D3F9007BF209 /* StoneSavour */ = {
			isa = PBXNativeTarget;
			buildConfigurationList = EF7AD72D08BB986600CE4634 /* Build configuration list for PBXNativeTarget "StoneSavour" */;
			buildPhases = (
				8D255AC60486D3F9007BF209 /* Headers */,
				8D255AC90486D3F9007BF209 /* Resources */,
				8D255ACB0486D3F9007BF209 /* Sources */,
				8D255ACD0486D3F9007BF209 /* Frameworks */,
				8D255AD00486D3F9007BF209 /* Rez */,
			);
			buildRules = (
			);
			dependencies = (
			);
			name = StoneSavour;
			productInstallPath = "$(HOME)/Library/Screen Savers";
			productName = StoneSavour;
			productReference = 8D255AD30486D3F9007BF209 /* StoneSavour.saver */;
			productType = "com.apple.product-type.bundle";
		};
/* End PBXNativeTarget section */

/* Begin PBXProject section */
		089C1669FE841209C02AAC07 /* Project object */ = {
			isa = PBXProject;
			buildConfigurationList = EF7AD73108BB986600CE4634 /* Build configuration list for PBXProject "StoneSavour" */;
			compatibilityVersion = "Xcode 3.2";
			hasScannedForEncodings = 1;
			mainGroup = 089C166AFE841209C02AAC07 /* StoneSavour */;
			projectDirPath = "";
			projectRoot = "";
			targets = (
				8D255AC50486D3F9007BF209 /* StoneSavour */,
			);
		};
/* End PBXProject section */

/* Begin PBXResourcesBuildPhase section */
		8D255AC90486D3F9007BF209 /* Resources */ = {
			isa = PBXResourcesBuildPhase;
			buildActionMask = 2147483647;
			files = (
				8D255ACA0486D3F9007BF209 /* InfoPlist.strings in Resources */,
				52FE0B78110B807C00889E01 /* boardFill.png in Resources */,
				52FE0B8E110B80B600889E01 /* Authors.txt in Resources */,
				52FE0B92110B80B600889E01 /* License.txt in Resources */,
			);
			runOnlyForDeploymentPostprocessing = 0;
		};
/* End PBXResourcesBuildPhase section */

/* Begin PBXRezBuildPhase section */
		8D255AD00486D3F9007BF209 /* Rez */ = {
			isa = PBXRezBuildPhase;
			buildActionMask = 2147483647;
			files = (
			);
			runOnlyForDeploymentPostprocessing = 0;
		};
/* End PBXRezBuildPhase section */

/* Begin PBXSourcesBuildPhase section */
		8D255ACB0486D3F9007BF209 /* Sources */ = {
			isa = PBXSourcesBuildPhase;
			buildActionMask = 2147483647;
			files = (
				8D255ACC0486D3F9007BF209 /* StoneSavourView.m in Sources */,
				52FE0B74110B806E00889E01 /* SGFDrawBoard.m in Sources */,
				52FE0B76110B806E00889E01 /* SGFGoban.m in Sources */,
			);
			runOnlyForDeploymentPostprocessing = 0;
		};
/* End PBXSourcesBuildPhase section */

/* Begin PBXVariantGroup section */
		089C167DFE841241C02AAC07 /* InfoPlist.strings */ = {
			isa = PBXVariantGroup;
			children = (
				089C167EFE841241C02AAC07 /* English */,
			);
			name = InfoPlist.strings;
			sourceTree = "<group>";
		};
/* End PBXVariantGroup section */

/* Begin XCBuildConfiguration section */
		EF7AD72E08BB986600CE4634 /* Debug */ = {
			isa = XCBuildConfiguration;
			buildSettings = {
				GCC_DYNAMIC_NO_PIC = NO;
				GCC_ENABLE_FIX_AND_CONTINUE = YES;
				GCC_MODEL_TUNING = G5;
				GCC_OPTIMIZATION_LEVEL = 0;
				GCC_PRECOMPILE_PREFIX_HEADER = YES;
				GCC_PREFIX_HEADER = StoneSavour_Prefix.pch;
				INFOPLIST_FILE = Info.plist;
				INSTALL_PATH = "$(HOME)/Library/Screen Savers";
				PRODUCT_NAME = StoneSavour;
				WRAPPER_EXTENSION = saver;
				ZERO_LINK = YES;
			};
			name = Debug;
		};
		EF7AD72F08BB986600CE4634 /* Release */ = {
			isa = XCBuildConfiguration;
			buildSettings = {
				DEBUG_INFORMATION_FORMAT = "dwarf-with-dsym";
				GCC_MODEL_TUNING = G5;
				GCC_PRECOMPILE_PREFIX_HEADER = YES;
				GCC_PREFIX_HEADER = StoneSavour_Prefix.pch;
				INFOPLIST_FILE = Info.plist;
				INSTALL_PATH = "$(HOME)/Library/Screen Savers";
				PRODUCT_NAME = StoneSavour;
				WRAPPER_EXTENSION = saver;
			};
			name = Release;
		};
		EF7AD73208BB986600CE4634 /* Debug */ = {
			isa = XCBuildConfiguration;
			buildSettings = {
				ARCHS = "$(ARCHS_STANDARD_32_64_BIT)";
				GCC_C_LANGUAGE_STANDARD = gnu99;
				GCC_ENABLE_OBJC_GC = required;
				GCC_TREAT_WARNINGS_AS_ERRORS = YES;
				GCC_WARN_ABOUT_MISSING_NEWLINE = YES;
				GCC_WARN_ABOUT_RETURN_TYPE = YES;
				GCC_WARN_CHECK_SWITCH_STATEMENTS = YES;
				GCC_WARN_INITIALIZER_NOT_FULLY_BRACKETED = YES;
				GCC_WARN_MISSING_PARENTHESES = YES;
				GCC_WARN_UNINITIALIZED_AUTOS = NO;
				GCC_WARN_UNKNOWN_PRAGMAS = YES;
				GCC_WARN_UNUSED_FUNCTION = YES;
				GCC_WARN_UNUSED_LABEL = YES;
				GCC_WARN_UNUSED_VALUE = YES;
				GCC_WARN_UNUSED_VARIABLE = YES;
				ONLY_ACTIVE_ARCH = NO;
				PREBINDING = NO;
				SDKROOT = macosx10.6;
				VALID_ARCHS = "i386 x86_64";
			};
			name = Debug;
		};
		EF7AD73308BB986600CE4634 /* Release */ = {
			isa = XCBuildConfiguration;
			buildSettings = {
				ARCHS = "$(ARCHS_STANDARD_32_64_BIT)";
				GCC_C_LANGUAGE_STANDARD = gnu99;
				GCC_ENABLE_OBJC_GC = required;
				GCC_TREAT_WARNINGS_AS_ERRORS = YES;
				GCC_WARN_ABOUT_MISSING_NEWLINE = YES;
				GCC_WARN_ABOUT_RETURN_TYPE = YES;
				GCC_WARN_CHECK_SWITCH_STATEMENTS = YES;
				GCC_WARN_INITIALIZER_NOT_FULLY_BRACKETED = YES;
				GCC_WARN_MISSING_PARENTHESES = YES;
				GCC_WARN_UNINITIALIZED_AUTOS = YES;
				GCC_WARN_UNKNOWN_PRAGMAS = YES;
				GCC_WARN_UNUSED_FUNCTION = YES;
				GCC_WARN_UNUSED_LABEL = YES;
				GCC_WARN_UNUSED_VALUE = YES;
				GCC_WARN_UNUSED_VARIABLE = YES;
				PREBINDING = NO;
				SDKROOT = macosx10.6;
				VALID_ARCHS = "i386 x86_64";
			};
			name = Release;
		};
/* End XCBuildConfiguration section */

/* Begin XCConfigurationList section */
		EF7AD72D08BB986600CE4634 /* Build configuration list for PBXNativeTarget "StoneSavour" */ = {
			isa = XCConfigurationList;
			buildConfigurations = (
				EF7AD72E08BB986600CE4634 /* Debug */,
				EF7AD72F08BB986600CE4634 /* Release */,
			);
			defaultConfigurationIsVisible = 0;
			defaultConfigurationName = Release;
		};
		EF7AD73108BB986600CE4634 /* Build configuration list for PBXProject "StoneSavour" */ = {
			isa = XCConfigurationList;
			buildConfigurations = (
				EF7AD73208BB986600CE4634 /* Debug */,
				EF7AD73308BB986600CE4634 /* Release */,
			);
			defaultConfigurationIsVisible = 0;
			defaultConfigurationName = Release;
		};
/* End XCConfigurationList section */
	};
	rootObject = 089C1669FE841209C02AAC07 /* Project object */;
}
